
Microsoft Visual Studio Solution File, Format Version 12.00
# Visual Studio Version 17
VisualStudioVersion = 17.0.31903.59
MinimumVisualStudioVersion = 10.0.40219.1
Project("{9A19103F-16F7-4668-BE54-9A1E7A4F7556}") = "ModuleName.Contracts", "ModuleName.Contracts\ModuleName.Contracts.csproj", "{D31EA45F-13FE-4938-A122-40D4F1820D11}"
EndProject
Project("{9A19103F-16F7-4668-BE54-9A1E7A4F7556}") = "ModuleName", "ModuleName\ModuleName.csproj", "{FE2D8BBE-198A-46FA-9650-A3C38645364F}"
EndProject
Global
	GlobalSection(SolutionConfigurationPlatforms) = preSolution
		Debug|Any CPU = Debug|Any CPU
		Release|Any CPU = Release|Any CPU
	EndGlobalSection
	GlobalSection(ProjectConfigurationPlatforms) = postSolution
		{D31EA45F-13FE-4938-A122-40D4F1820D11}.Debug|Any CPU.ActiveCfg = Debug|Any CPU
		{D31EA45F-13FE-4938-A122-40D4F1820D11}.Debug|Any CPU.Build.0 = Debug|Any CPU
		{D31EA45F-13FE-4938-A122-40D4F1820D11}.Release|Any CPU.ActiveCfg = Release|Any CPU
		{D31EA45F-13FE-4938-A122-40D4F1820D11}.Release|Any CPU.Build.0 = Release|Any CPU
		{FE2D8BBE-198A-46FA-9650-A3C38645364F}.Debug|Any CPU.ActiveCfg = Debug|Any CPU
		{FE2D8BBE-198A-46FA-9650-A3C38645364F}.Debug|Any CPU.Build.0 = Debug|Any CPU
		{FE2D8BBE-198A-46FA-9650-A3C38645364F}.Release|Any CPU.ActiveCfg = Release|Any CPU
		{FE2D8BBE-198A-46FA-9650-A3C38645364F}.Release|Any CPU.Build.0 = Release|Any CPU
	EndGlobalSection
	GlobalSection(SolutionProperties) = preSolution
		HideSolutionNode = FALSE
	EndGlobalSection
EndGlobal
